
Microsoft Visual Studio Solution File, Format Version 12.00
# Visual Studio 14
VisualStudioVersion = 14.0.25420.1
MinimumVisualStudioVersion = 10.0.40219.1
Project("{FAE04EC0-301F-11D3-BF4B-00C04F79EFBC}") = "Strado.InVento", "Strado.InVento\Strado.InVento.csproj", "{4E414C5D-74CA-424B-973D-F83E04B32C60}"
EndProject
Project("{FAE04EC0-301F-11D3-BF4B-00C04F79EFBC}") = "Strado.InVento.Tests", "Strado.InVento.Tests\Strado.InVento.Tests.csproj", "{BA6090E3-4B90-4081-A365-53C7B474BD72}"
EndProject
Global
	GlobalSection(SolutionConfigurationPlatforms) = preSolution
		Debug|Any CPU = Debug|Any CPU
		Release|Any CPU = Release|Any CPU
	EndGlobalSection
	GlobalSection(ProjectConfigurationPlatforms) = postSolution
		{4E414C5D-74CA-424B-973D-F83E04B32C60}.Debug|Any CPU.ActiveCfg = Debug|Any CPU
		{4E414C5D-74CA-424B-973D-F83E04B32C60}.Debug|Any CPU.Build.0 = Debug|Any CPU
		{4E414C5D-74CA-424B-973D-F83E04B32C60}.Release|Any CPU.ActiveCfg = Release|Any CPU
		{4E414C5D-74CA-424B-973D-F83E04B32C60}.Release|Any CPU.Build.0 = Release|Any CPU
		{BA6090E3-4B90-4081-A365-53C7B474BD72}.Debug|Any CPU.ActiveCfg = Debug|Any CPU
		{BA6090E3-4B90-4081-A365-53C7B474BD72}.Debug|Any CPU.Build.0 = Debug|Any CPU
		{BA6090E3-4B90-4081-A365-53C7B474BD72}.Release|Any CPU.ActiveCfg = Release|Any CPU
		{BA6090E3-4B90-4081-A365-53C7B474BD72}.Release|Any CPU.Build.0 = Release|Any CPU
	EndGlobalSection
	GlobalSection(SolutionProperties) = preSolution
		HideSolutionNode = FALSE
	EndGlobalSection
	GlobalSection(TeamFoundationVersionControl) = preSolution
		SccNumberOfProjects = 3
		SccEnterpriseProvider = {4CA58AB2-18FA-4F8D-95D4-32DDF27D184C}
		SccTeamFoundationServer = https://salimalam.visualstudio.com/
		SccLocalPath0 = .
		SccProjectUniqueName1 = Strado.InVento\\Strado.InVento.csproj
		SccProjectName1 = Strado.InVento
		SccLocalPath1 = Strado.InVento
		SccProjectUniqueName2 = Strado.InVento.Tests\\Strado.InVento.Tests.csproj
		SccProjectName2 = Strado.InVento.Tests
		SccLocalPath2 = Strado.InVento.Tests
	EndGlobalSection
EndGlobal
